PODS:
  - AFNetworking (3.1.0):
    - AFNetworking/NSURLSession (= 3.1.0)
    - AFNetworking/Reachability (= 3.1.0)
    - AFNetworking/Security (= 3.1.0)
    - AFNetworking/Serialization (= 3.1.0)
    - AFNetworking/UIKit (= 3.1.0)
  - AFNetworking/NSURLSession (3.1.0):
    - AFNetworking/Reachability
    - AFNetworking/Security
    - AFNetworking/Serialization
  - AFNetworking/Reachability (3.1.0)
  - AFNetworking/Security (3.1.0)
  - AFNetworking/Serialization (3.1.0)
  - AFNetworking/UIKit (3.1.0):
    - AFNetworking/NSURLSession
  - AVOSCloud (3.4.4)
  - Kiwi (2.4.0)
  - SolaSpecs (0.0.1):
    - SVProgressHUD
  - SVProgressHUD (2.0.3)

DEPENDENCIES:
  - AFNetworking (~> 3.1.0)
  - AVOSCloud
  - Kiwi
  - SolaSpecs (from `https://github.com/Airsola/SolaSpecs.git`)
  - SVProgressHUD (~> 2.0.3)

EXTERNAL SOURCES:
  SolaSpecs:
    :git: https://github.com/Airsola/SolaSpecs.git

CHECKOUT OPTIONS:
  SolaSpecs:
    :commit: 8e67cf2424d0f00650db2e0d7002efebaa9562f5
    :git: https://github.com/Airsola/SolaSpecs.git

SPEC CHECKSUMS:
  AFNetworking: 5e0e199f73d8626b11e79750991f5d173d1f8b67
  AVOSCloud: 50a81ba9fe043750592355d13589b108771f3724
  Kiwi: f49c9d54b28917df5928fe44968a39ed198cb8a8
  SolaSpecs: ccce0a2fe5a8477a9810d697b20a90d6b2205264
  SVProgressHUD: b0830714205bea1317ea1a2ebc71e5633af334d4

PODFILE CHECKSUM: af2f207f7da01c5023c6784324be8a581d27d339

COCOAPODS: 1.0.1
